{"filter":false,"title":"smart.lock","tooltip":"/Meteor/HackGTHealthCare/smart.lock","undoManager":{"mark":-1,"position":-1,"stack":[]},"ace":{"folds":[],"scrolltop":0,"scrollleft":0,"selection":{"start":{"row":14,"column":12},"end":{"row":14,"column":18},"isBackwards":false},"options":{"guessTabSize":true,"useWrapMode":false,"wrapToView":true},"firstLineState":{"row":20,"state":"start","mode":"ace/mode/json"}},"timestamp":1411273092825,"hash":"f9b200f2a9f3170329fc58bb200628d98537e0c2"}